
Microsoft Visual Studio Solution File, Format Version 12.00
# Visual Studio 15
VisualStudioVersion = 15.0.27703.2042
MinimumVisualStudioVersion = 10.0.40219.1
Project("{FAE04EC0-301F-11D3-BF4B-00C04F79EFBC}") = "XMLParcerLesson", "XMLParcerLesson\XMLParcerLesson.csproj", "{BEEFA718-CB31-4F45-BDE8-A29875CAD2FE}"
EndProject
Global
	GlobalSection(SolutionConfigurationPlatforms) = preSolution
		Debug|Any CPU = Debug|Any CPU
		Release|Any CPU = Release|Any CPU
	EndGlobalSection
	GlobalSection(ProjectConfigurationPlatforms) = postSolution
		{BEEFA718-CB31-4F45-BDE8-A29875CAD2FE}.Debug|Any CPU.ActiveCfg = Debug|Any CPU
		{BEEFA718-CB31-4F45-BDE8-A29875CAD2FE}.Debug|Any CPU.Build.0 = Debug|Any CPU
		{BEEFA718-CB31-4F45-BDE8-A29875CAD2FE}.Release|Any CPU.ActiveCfg = Release|Any CPU
		{BEEFA718-CB31-4F45-BDE8-A29875CAD2FE}.Release|Any CPU.Build.0 = Release|Any CPU
	EndGlobalSection
	GlobalSection(SolutionProperties) = preSolution
		HideSolutionNode = FALSE
	EndGlobalSection
	GlobalSection(ExtensibilityGlobals) = postSolution
		SolutionGuid = {3F69078F-F8B1-426B-B41F-386AA2507AAA}
	EndGlobalSection
EndGlobal
